<Solution>
  <Folder Name="/Solution Items/">
    <File Path=".editorconfig" />
  </Folder>
  <Folder Name="/src/" />
  <Folder Name="/src/BuildingBlocks/">
    <Project Path="src/BuildingBlocks/HRM.BuildingBlocks.Domain/HRM.BuildingBlocks.Domain.csproj" Id="8cd342a9-f28d-4bd4-a410-6b375e14455a" />
  </Folder>
</Solution>
